Microsoft Visual Studio Solution File, Format Version 12.00
# Visual Studio 2012
Project("{FAE04EC0-301F-11D3-BF4B-00C04F79EFBC}") = "demo", "demo.csproj", "{E4B2BD1C-060D-4BFE-81F9-D31D0C491381}"
EndProject
Global
	GlobalSection(SolutionConfigurationPlatforms) = preSolution
	Debug|Any CPU = Debug|Any CPU
	ExportDebug|Any CPU = ExportDebug|Any CPU
	ExportRelease|Any CPU = ExportRelease|Any CPU
	EndGlobalSection
	GlobalSection(ProjectConfigurationPlatforms) = postSolution
		{E4B2BD1C-060D-4BFE-81F9-D31D0C491381}.Debug|Any CPU.ActiveCfg = Debug|Any CPU
		{E4B2BD1C-060D-4BFE-81F9-D31D0C491381}.Debug|Any CPU.Build.0 = Debug|Any CPU
		{E4B2BD1C-060D-4BFE-81F9-D31D0C491381}.ExportDebug|Any CPU.ActiveCfg = ExportDebug|Any CPU
		{E4B2BD1C-060D-4BFE-81F9-D31D0C491381}.ExportDebug|Any CPU.Build.0 = ExportDebug|Any CPU
		{E4B2BD1C-060D-4BFE-81F9-D31D0C491381}.ExportRelease|Any CPU.ActiveCfg = ExportRelease|Any CPU
		{E4B2BD1C-060D-4BFE-81F9-D31D0C491381}.ExportRelease|Any CPU.Build.0 = ExportRelease|Any CPU
	EndGlobalSection
EndGlobal
